
Microsoft Visual Studio Solution File, Format Version 12.00
# Visual Studio Version 16
VisualStudioVersion = 16.0.34031.81
MinimumVisualStudioVersion = 10.0.40219.1
Project("{2150E333-8FDC-42A3-9474-1A3956D46DE8}") = "Task0", "Task0", "{10C83ECA-5E69-4353-829B-B0C537C7DDEF}"
EndProject
Project("{FAE04EC0-301F-11D3-BF4B-00C04F79EFBC}") = "Tyuiu.GoginMA.Sprint3.Task0.V13", "Tyuiu.GoginMA.Sprint3.Task0.V13\Tyuiu.GoginMA.Sprint3.Task0.V13.csproj", "{BD7C6628-EA56-4CF5-A721-DC98B1A64B53}"
EndProject
Project("{FAE04EC0-301F-11D3-BF4B-00C04F79EFBC}") = "Tyuiu.GoginMA.Sprint3.Task0.V13.Lib", "Tyuiu.GoginMA.Sprint3.Task0.V13.Lib\Tyuiu.GoginMA.Sprint3.Task0.V13.Lib.csproj", "{9A57E8D9-6918-47FF-88C2-EDC471B5AF3B}"
EndProject
Project("{FAE04EC0-301F-11D3-BF4B-00C04F79EFBC}") = "Tyuiu.GoginMA.Sprint3.Task0.V13.Test", "Tyuiu.GoginMA.Sprint3.Task0.V13.Test\Tyuiu.GoginMA.Sprint3.Task0.V13.Test.csproj", "{21E7094E-A071-477F-AAC3-59C87F990A42}"
EndProject
Project("{2150E333-8FDC-42A3-9474-1A3956D46DE8}") = "Task1", "Task1", "{8020BE23-E528-4B40-AA99-ED95317C990F}"
EndProject
Project("{FAE04EC0-301F-11D3-BF4B-00C04F79EFBC}") = "Tyuiu.GoginMA.Sprint3.Task1.V9", "Tyuiu.GoginMA.Sprint3.Task1.V9\Tyuiu.GoginMA.Sprint3.Task1.V9.csproj", "{5A1D44D0-E322-4A82-87F2-6945C21A1DA6}"
EndProject
Project("{FAE04EC0-301F-11D3-BF4B-00C04F79EFBC}") = "Tyuiu.GoginMA.Sprint3.Task1.V9.Lib", "Tyuiu.GoginMA.Sprint3.Task1.V9.Lib\Tyuiu.GoginMA.Sprint3.Task1.V9.Lib.csproj", "{446D6E30-FF80-4AA3-824F-AF36B58907ED}"
EndProject
Project("{FAE04EC0-301F-11D3-BF4B-00C04F79EFBC}") = "Tyuiu.GoginMA.Sprint3.Task1.V9.Test", "Tyuiu.GoginMA.Sprint3.Task1.V9.Test\Tyuiu.GoginMA.Sprint3.Task1.V9.Test.csproj", "{5039560E-90FD-4231-8EA2-F121B0FD3CE7}"
EndProject
Project("{2150E333-8FDC-42A3-9474-1A3956D46DE8}") = "Task2", "Task2", "{9F578524-7853-4EEF-9057-D5D923A76528}"
EndProject
Project("{FAE04EC0-301F-11D3-BF4B-00C04F79EFBC}") = "Tyuiu.GoginMA.Sprint3.Task2.V2", "Tyuiu.GoginMA.Sprint3.Task2.V2\Tyuiu.GoginMA.Sprint3.Task2.V2.csproj", "{37808210-4A7A-4355-8A46-0C296AD0FA8E}"
EndProject
Project("{FAE04EC0-301F-11D3-BF4B-00C04F79EFBC}") = "Tyuiu.GoginMA.Sprint3.Task2.V2.Lib", "Tyuiu.GoginMA.Sprint3.Task2.V2.Lib\Tyuiu.GoginMA.Sprint3.Task2.V2.Lib.csproj", "{3B40591B-1C22-4CFC-88BC-5BD3190150B1}"
EndProject
Project("{FAE04EC0-301F-11D3-BF4B-00C04F79EFBC}") = "Tyuiu.GoginMA.Sprint3.Task2.V2.Test", "Tyuiu.GoginMA.Sprint3.Task2.V2.Test\Tyuiu.GoginMA.Sprint3.Task2.V2.Test.csproj", "{93B49135-381C-438A-AF49-EBA93831E1DC}"
EndProject
Global
	GlobalSection(SolutionConfigurationPlatforms) = preSolution
		Debug|Any CPU = Debug|Any CPU
		Release|Any CPU = Release|Any CPU
	EndGlobalSection
	GlobalSection(ProjectConfigurationPlatforms) = postSolution
		{BD7C6628-EA56-4CF5-A721-DC98B1A64B53}.Debug|Any CPU.ActiveCfg = Debug|Any CPU
		{BD7C6628-EA56-4CF5-A721-DC98B1A64B53}.Debug|Any CPU.Build.0 = Debug|Any CPU
		{BD7C6628-EA56-4CF5-A721-DC98B1A64B53}.Release|Any CPU.ActiveCfg = Release|Any CPU
		{BD7C6628-EA56-4CF5-A721-DC98B1A64B53}.Release|Any CPU.Build.0 = Release|Any CPU
		{9A57E8D9-6918-47FF-88C2-EDC471B5AF3B}.Debug|Any CPU.ActiveCfg = Debug|Any CPU
		{9A57E8D9-6918-47FF-88C2-EDC471B5AF3B}.Debug|Any CPU.Build.0 = Debug|Any CPU
		{9A57E8D9-6918-47FF-88C2-EDC471B5AF3B}.Release|Any CPU.ActiveCfg = Release|Any CPU
		{9A57E8D9-6918-47FF-88C2-EDC471B5AF3B}.Release|Any CPU.Build.0 = Release|Any CPU
		{21E7094E-A071-477F-AAC3-59C87F990A42}.Debug|Any CPU.ActiveCfg = Debug|Any CPU
		{21E7094E-A071-477F-AAC3-59C87F990A42}.Debug|Any CPU.Build.0 = Debug|Any CPU
		{21E7094E-A071-477F-AAC3-59C87F990A42}.Release|Any CPU.ActiveCfg = Release|Any CPU
		{21E7094E-A071-477F-AAC3-59C87F990A42}.Release|Any CPU.Build.0 = Release|Any CPU
		{5A1D44D0-E322-4A82-87F2-6945C21A1DA6}.Debug|Any CPU.ActiveCfg = Debug|Any CPU
		{5A1D44D0-E322-4A82-87F2-6945C21A1DA6}.Debug|Any CPU.Build.0 = Debug|Any CPU
		{5A1D44D0-E322-4A82-87F2-6945C21A1DA6}.Release|Any CPU.ActiveCfg = Release|Any CPU
		{5A1D44D0-E322-4A82-87F2-6945C21A1DA6}.Release|Any CPU.Build.0 = Release|Any CPU
		{446D6E30-FF80-4AA3-824F-AF36B58907ED}.Debug|Any CPU.ActiveCfg = Debug|Any CPU
		{446D6E30-FF80-4AA3-824F-AF36B58907ED}.Debug|Any CPU.Build.0 = Debug|Any CPU
		{446D6E30-FF80-4AA3-824F-AF36B58907ED}.Release|Any CPU.ActiveCfg = Release|Any CPU
		{446D6E30-FF80-4AA3-824F-AF36B58907ED}.Release|Any CPU.Build.0 = Release|Any CPU
		{5039560E-90FD-4231-8EA2-F121B0FD3CE7}.Debug|Any CPU.ActiveCfg = Debug|Any CPU
		{5039560E-90FD-4231-8EA2-F121B0FD3CE7}.Debug|Any CPU.Build.0 = Debug|Any CPU
		{5039560E-90FD-4231-8EA2-F121B0FD3CE7}.Release|Any CPU.ActiveCfg = Release|Any CPU
		{5039560E-90FD-4231-8EA2-F121B0FD3CE7}.Release|Any CPU.Build.0 = Release|Any CPU
		{37808210-4A7A-4355-8A46-0C296AD0FA8E}.Debug|Any CPU.ActiveCfg = Debug|Any CPU
		{37808210-4A7A-4355-8A46-0C296AD0FA8E}.Debug|Any CPU.Build.0 = Debug|Any CPU
		{37808210-4A7A-4355-8A46-0C296AD0FA8E}.Release|Any CPU.ActiveCfg = Release|Any CPU
		{37808210-4A7A-4355-8A46-0C296AD0FA8E}.Release|Any CPU.Build.0 = Release|Any CPU
		{3B40591B-1C22-4CFC-88BC-5BD3190150B1}.Debug|Any CPU.ActiveCfg = Debug|Any CPU
		{3B40591B-1C22-4CFC-88BC-5BD3190150B1}.Debug|Any CPU.Build.0 = Debug|Any CPU
		{3B40591B-1C22-4CFC-88BC-5BD3190150B1}.Release|Any CPU.ActiveCfg = Release|Any CPU
		{3B40591B-1C22-4CFC-88BC-5BD3190150B1}.Release|Any CPU.Build.0 = Release|Any CPU
		{93B49135-381C-438A-AF49-EBA93831E1DC}.Debug|Any CPU.ActiveCfg = Debug|Any CPU
		{93B49135-381C-438A-AF49-EBA93831E1DC}.Debug|Any CPU.Build.0 = Debug|Any CPU
		{93B49135-381C-438A-AF49-EBA93831E1DC}.Release|Any CPU.ActiveCfg = Release|Any CPU
		{93B49135-381C-438A-AF49-EBA93831E1DC}.Release|Any CPU.Build.0 = Release|Any CPU
	EndGlobalSection
	GlobalSection(SolutionProperties) = preSolution
		HideSolutionNode = FALSE
	EndGlobalSection
	GlobalSection(NestedProjects) = preSolution
		{BD7C6628-EA56-4CF5-A721-DC98B1A64B53} = {10C83ECA-5E69-4353-829B-B0C537C7DDEF}
		{9A57E8D9-6918-47FF-88C2-EDC471B5AF3B} = {10C83ECA-5E69-4353-829B-B0C537C7DDEF}
		{21E7094E-A071-477F-AAC3-59C87F990A42} = {10C83ECA-5E69-4353-829B-B0C537C7DDEF}
		{5A1D44D0-E322-4A82-87F2-6945C21A1DA6} = {8020BE23-E528-4B40-AA99-ED95317C990F}
		{446D6E30-FF80-4AA3-824F-AF36B58907ED} = {8020BE23-E528-4B40-AA99-ED95317C990F}
		{5039560E-90FD-4231-8EA2-F121B0FD3CE7} = {8020BE23-E528-4B40-AA99-ED95317C990F}
		{37808210-4A7A-4355-8A46-0C296AD0FA8E} = {9F578524-7853-4EEF-9057-D5D923A76528}
		{3B40591B-1C22-4CFC-88BC-5BD3190150B1} = {9F578524-7853-4EEF-9057-D5D923A76528}
		{93B49135-381C-438A-AF49-EBA93831E1DC} = {9F578524-7853-4EEF-9057-D5D923A76528}
	EndGlobalSection
	GlobalSection(ExtensibilityGlobals) = postSolution
		SolutionGuid = {13897EE2-47E1-46C1-9923-C69344DA747A}
	EndGlobalSection
EndGlobal
