
Microsoft Visual Studio Solution File, Format Version 12.00
# Visual Studio Version 16
VisualStudioVersion = 16.0.34031.81
MinimumVisualStudioVersion = 10.0.40219.1
Project("{2150E333-8FDC-42A3-9474-1A3956D46DE8}") = "Task0", "Task0", "{10C83ECA-5E69-4353-829B-B0C537C7DDEF}"
EndProject
Project("{FAE04EC0-301F-11D3-BF4B-00C04F79EFBC}") = "Tyuiu.GoginMA.Sprint3.Task0.V13", "Tyuiu.GoginMA.Sprint3.Task0.V13\Tyuiu.GoginMA.Sprint3.Task0.V13.csproj", "{BD7C6628-EA56-4CF5-A721-DC98B1A64B53}"
EndProject
Project("{FAE04EC0-301F-11D3-BF4B-00C04F79EFBC}") = "Tyuiu.GoginMA.Sprint3.Task0.V13.Lib", "Tyuiu.GoginMA.Sprint3.Task0.V13.Lib\Tyuiu.GoginMA.Sprint3.Task0.V13.Lib.csproj", "{9A57E8D9-6918-47FF-88C2-EDC471B5AF3B}"
EndProject
Project("{FAE04EC0-301F-11D3-BF4B-00C04F79EFBC}") = "Tyuiu.GoginMA.Sprint3.Task0.V13.Test", "Tyuiu.GoginMA.Sprint3.Task0.V13.Test\Tyuiu.GoginMA.Sprint3.Task0.V13.Test.csproj", "{21E7094E-A071-477F-AAC3-59C87F990A42}"
EndProject
Project("{2150E333-8FDC-42A3-9474-1A3956D46DE8}") = "Task1", "Task1", "{8020BE23-E528-4B40-AA99-ED95317C990F}"
EndProject
Project("{FAE04EC0-301F-11D3-BF4B-00C04F79EFBC}") = "Tyuiu.GoginMA.Sprint3.Task1.V9", "Tyuiu.GoginMA.Sprint3.Task1.V9\Tyuiu.GoginMA.Sprint3.Task1.V9.csproj", "{5A1D44D0-E322-4A82-87F2-6945C21A1DA6}"
EndProject
Project("{FAE04EC0-301F-11D3-BF4B-00C04F79EFBC}") = "Tyuiu.GoginMA.Sprint3.Task1.V9.Lib", "Tyuiu.GoginMA.Sprint3.Task1.V9.Lib\Tyuiu.GoginMA.Sprint3.Task1.V9.Lib.csproj", "{446D6E30-FF80-4AA3-824F-AF36B58907ED}"
EndProject
Project("{FAE04EC0-301F-11D3-BF4B-00C04F79EFBC}") = "Tyuiu.GoginMA.Sprint3.Task1.V9.Test", "Tyuiu.GoginMA.Sprint3.Task1.V9.Test\Tyuiu.GoginMA.Sprint3.Task1.V9.Test.csproj", "{5039560E-90FD-4231-8EA2-F121B0FD3CE7}"
EndProject
Project("{2150E333-8FDC-42A3-9474-1A3956D46DE8}") = "Task2", "Task2", "{9F578524-7853-4EEF-9057-D5D923A76528}"
EndProject
Project("{FAE04EC0-301F-11D3-BF4B-00C04F79EFBC}") = "Tyuiu.GoginMA.Sprint3.Task2.V2", "Tyuiu.GoginMA.Sprint3.Task2.V2\Tyuiu.GoginMA.Sprint3.Task2.V2.csproj", "{37808210-4A7A-4355-8A46-0C296AD0FA8E}"
EndProject
Project("{FAE04EC0-301F-11D3-BF4B-00C04F79EFBC}") = "Tyuiu.GoginMA.Sprint3.Task2.V2.Lib", "Tyuiu.GoginMA.Sprint3.Task2.V2.Lib\Tyuiu.GoginMA.Sprint3.Task2.V2.Lib.csproj", "{3B40591B-1C22-4CFC-88BC-5BD3190150B1}"
EndProject
Project("{FAE04EC0-301F-11D3-BF4B-00C04F79EFBC}") = "Tyuiu.GoginMA.Sprint3.Task2.V2.Test", "Tyuiu.GoginMA.Sprint3.Task2.V2.Test\Tyuiu.GoginMA.Sprint3.Task2.V2.Test.csproj", "{93B49135-381C-438A-AF49-EBA93831E1DC}"
EndProject
Project("{2150E333-8FDC-42A3-9474-1A3956D46DE8}") = "Task3", "Task3", "{0EFC6426-C206-4240-AB59-DE45227CB00C}"
EndProject
Project("{FAE04EC0-301F-11D3-BF4B-00C04F79EFBC}") = "Tyuiu.GoginMA.Sprint3.Task3.V27", "Tyuiu.GoginMA.Sprint3.Task3.V27\Tyuiu.GoginMA.Sprint3.Task3.V27.csproj", "{6057ADBC-CBF0-42E3-94BC-593F424A3FAB}"
EndProject
Project("{FAE04EC0-301F-11D3-BF4B-00C04F79EFBC}") = "Tyuiu.GoginMA.Sprint3.Task3.V27.Lib", "Tyuiu.GoginMA.Sprint3.Task3.V27.Lib\Tyuiu.GoginMA.Sprint3.Task3.V27.Lib.csproj", "{63AD9F5C-1B7B-4AF3-AB4D-0EB01D51D99A}"
EndProject
Project("{FAE04EC0-301F-11D3-BF4B-00C04F79EFBC}") = "Tyuiu.GoginMA.Sprint3.Task3.V27.Test", "Tyuiu.GoginMA.Sprint3.Task3.V27.Test\Tyuiu.GoginMA.Sprint3.Task3.V27.Test.csproj", "{843E487A-6E2F-48BD-A0DB-BA0CE7781032}"
EndProject
Project("{2150E333-8FDC-42A3-9474-1A3956D46DE8}") = "Task4", "Task4", "{3DEAD977-6A72-4937-8CDF-DD2099064180}"
EndProject
Project("{FAE04EC0-301F-11D3-BF4B-00C04F79EFBC}") = "Tyuiu.GoginMA.Sprint3.Task4.V17", "Tyuiu.GoginMA.Sprint3.Task4.V17\Tyuiu.GoginMA.Sprint3.Task4.V17.csproj", "{77890B60-42E4-49B4-94E4-D27D82EB3CD1}"
EndProject
Project("{FAE04EC0-301F-11D3-BF4B-00C04F79EFBC}") = "Tyuiu.GoginMA.Sprint3.Task4.V17.Lib", "Tyuiu.GoginMA.Sprint3.Task4.V17.Lib\Tyuiu.GoginMA.Sprint3.Task4.V17.Lib.csproj", "{308F0466-878B-4D05-B655-3EBC22BE1F74}"
EndProject
Project("{FAE04EC0-301F-11D3-BF4B-00C04F79EFBC}") = "Tyuiu.GoginMA.Sprint3.Task4.V17.Test", "Tyuiu.GoginMA.Sprint3.Task4.V17.Test\Tyuiu.GoginMA.Sprint3.Task4.V17.Test.csproj", "{2A66AE05-D8B6-4B07-8CC3-F6615349D751}"
EndProject
Project("{2150E333-8FDC-42A3-9474-1A3956D46DE8}") = "Task5", "Task5", "{57D07C57-E63B-421C-9A02-F3144E69E335}"
EndProject
Project("{FAE04EC0-301F-11D3-BF4B-00C04F79EFBC}") = "Tyuiu.GoginMA.Sprint3.Task5.V7", "Tyuiu.GoginMA.Sprint3.Task5.V7\Tyuiu.GoginMA.Sprint3.Task5.V7.csproj", "{905C018E-FFA9-4167-BC71-C2B32F0E27C6}"
EndProject
Project("{FAE04EC0-301F-11D3-BF4B-00C04F79EFBC}") = "Tyuiu.GoginMA.Sprint3.Task5.V7.Lib", "Tyuiu.GoginMA.Sprint3.Task5.V7.Lib\Tyuiu.GoginMA.Sprint3.Task5.V7.Lib.csproj", "{904ECBB2-D7AF-4893-BF55-761C0F9DCEAB}"
EndProject
Project("{FAE04EC0-301F-11D3-BF4B-00C04F79EFBC}") = "Tyuiu.GoginMA.Sprint3.Task5.V7.Test", "Tyuiu.GoginMA.Sprint3.Task5.V7.Test\Tyuiu.GoginMA.Sprint3.Task5.V7.Test.csproj", "{394AC595-BCAF-4D13-B2EC-F57BBA0E3B9B}"
EndProject
Global
	GlobalSection(SolutionConfigurationPlatforms) = preSolution
		Debug|Any CPU = Debug|Any CPU
		Release|Any CPU = Release|Any CPU
	EndGlobalSection
	GlobalSection(ProjectConfigurationPlatforms) = postSolution
		{BD7C6628-EA56-4CF5-A721-DC98B1A64B53}.Debug|Any CPU.ActiveCfg = Debug|Any CPU
		{BD7C6628-EA56-4CF5-A721-DC98B1A64B53}.Debug|Any CPU.Build.0 = Debug|Any CPU
		{BD7C6628-EA56-4CF5-A721-DC98B1A64B53}.Release|Any CPU.ActiveCfg = Release|Any CPU
		{BD7C6628-EA56-4CF5-A721-DC98B1A64B53}.Release|Any CPU.Build.0 = Release|Any CPU
		{9A57E8D9-6918-47FF-88C2-EDC471B5AF3B}.Debug|Any CPU.ActiveCfg = Debug|Any CPU
		{9A57E8D9-6918-47FF-88C2-EDC471B5AF3B}.Debug|Any CPU.Build.0 = Debug|Any CPU
		{9A57E8D9-6918-47FF-88C2-EDC471B5AF3B}.Release|Any CPU.ActiveCfg = Release|Any CPU
		{9A57E8D9-6918-47FF-88C2-EDC471B5AF3B}.Release|Any CPU.Build.0 = Release|Any CPU
		{21E7094E-A071-477F-AAC3-59C87F990A42}.Debug|Any CPU.ActiveCfg = Debug|Any CPU
		{21E7094E-A071-477F-AAC3-59C87F990A42}.Debug|Any CPU.Build.0 = Debug|Any CPU
		{21E7094E-A071-477F-AAC3-59C87F990A42}.Release|Any CPU.ActiveCfg = Release|Any CPU
		{21E7094E-A071-477F-AAC3-59C87F990A42}.Release|Any CPU.Build.0 = Release|Any CPU
		{5A1D44D0-E322-4A82-87F2-6945C21A1DA6}.Debug|Any CPU.ActiveCfg = Debug|Any CPU
		{5A1D44D0-E322-4A82-87F2-6945C21A1DA6}.Debug|Any CPU.Build.0 = Debug|Any CPU
		{5A1D44D0-E322-4A82-87F2-6945C21A1DA6}.Release|Any CPU.ActiveCfg = Release|Any CPU
		{5A1D44D0-E322-4A82-87F2-6945C21A1DA6}.Release|Any CPU.Build.0 = Release|Any CPU
		{446D6E30-FF80-4AA3-824F-AF36B58907ED}.Debug|Any CPU.ActiveCfg = Debug|Any CPU
		{446D6E30-FF80-4AA3-824F-AF36B58907ED}.Debug|Any CPU.Build.0 = Debug|Any CPU
		{446D6E30-FF80-4AA3-824F-AF36B58907ED}.Release|Any CPU.ActiveCfg = Release|Any CPU
		{446D6E30-FF80-4AA3-824F-AF36B58907ED}.Release|Any CPU.Build.0 = Release|Any CPU
		{5039560E-90FD-4231-8EA2-F121B0FD3CE7}.Debug|Any CPU.ActiveCfg = Debug|Any CPU
		{5039560E-90FD-4231-8EA2-F121B0FD3CE7}.Debug|Any CPU.Build.0 = Debug|Any CPU
		{5039560E-90FD-4231-8EA2-F121B0FD3CE7}.Release|Any CPU.ActiveCfg = Release|Any CPU
		{5039560E-90FD-4231-8EA2-F121B0FD3CE7}.Release|Any CPU.Build.0 = Release|Any CPU
		{37808210-4A7A-4355-8A46-0C296AD0FA8E}.Debug|Any CPU.ActiveCfg = Debug|Any CPU
		{37808210-4A7A-4355-8A46-0C296AD0FA8E}.Debug|Any CPU.Build.0 = Debug|Any CPU
		{37808210-4A7A-4355-8A46-0C296AD0FA8E}.Release|Any CPU.ActiveCfg = Release|Any CPU
		{37808210-4A7A-4355-8A46-0C296AD0FA8E}.Release|Any CPU.Build.0 = Release|Any CPU
		{3B40591B-1C22-4CFC-88BC-5BD3190150B1}.Debug|Any CPU.ActiveCfg = Debug|Any CPU
		{3B40591B-1C22-4CFC-88BC-5BD3190150B1}.Debug|Any CPU.Build.0 = Debug|Any CPU
		{3B40591B-1C22-4CFC-88BC-5BD3190150B1}.Release|Any CPU.ActiveCfg = Release|Any CPU
		{3B40591B-1C22-4CFC-88BC-5BD3190150B1}.Release|Any CPU.Build.0 = Release|Any CPU
		{93B49135-381C-438A-AF49-EBA93831E1DC}.Debug|Any CPU.ActiveCfg = Debug|Any CPU
		{93B49135-381C-438A-AF49-EBA93831E1DC}.Debug|Any CPU.Build.0 = Debug|Any CPU
		{93B49135-381C-438A-AF49-EBA93831E1DC}.Release|Any CPU.ActiveCfg = Release|Any CPU
		{93B49135-381C-438A-AF49-EBA93831E1DC}.Release|Any CPU.Build.0 = Release|Any CPU
		{6057ADBC-CBF0-42E3-94BC-593F424A3FAB}.Debug|Any CPU.ActiveCfg = Debug|Any CPU
		{6057ADBC-CBF0-42E3-94BC-593F424A3FAB}.Debug|Any CPU.Build.0 = Debug|Any CPU
		{6057ADBC-CBF0-42E3-94BC-593F424A3FAB}.Release|Any CPU.ActiveCfg = Release|Any CPU
		{6057ADBC-CBF0-42E3-94BC-593F424A3FAB}.Release|Any CPU.Build.0 = Release|Any CPU
		{63AD9F5C-1B7B-4AF3-AB4D-0EB01D51D99A}.Debug|Any CPU.ActiveCfg = Debug|Any CPU
		{63AD9F5C-1B7B-4AF3-AB4D-0EB01D51D99A}.Debug|Any CPU.Build.0 = Debug|Any CPU
		{63AD9F5C-1B7B-4AF3-AB4D-0EB01D51D99A}.Release|Any CPU.ActiveCfg = Release|Any CPU
		{63AD9F5C-1B7B-4AF3-AB4D-0EB01D51D99A}.Release|Any CPU.Build.0 = Release|Any CPU
		{843E487A-6E2F-48BD-A0DB-BA0CE7781032}.Debug|Any CPU.ActiveCfg = Debug|Any CPU
		{843E487A-6E2F-48BD-A0DB-BA0CE7781032}.Debug|Any CPU.Build.0 = Debug|Any CPU
		{843E487A-6E2F-48BD-A0DB-BA0CE7781032}.Release|Any CPU.ActiveCfg = Release|Any CPU
		{843E487A-6E2F-48BD-A0DB-BA0CE7781032}.Release|Any CPU.Build.0 = Release|Any CPU
		{77890B60-42E4-49B4-94E4-D27D82EB3CD1}.Debug|Any CPU.ActiveCfg = Debug|Any CPU
		{77890B60-42E4-49B4-94E4-D27D82EB3CD1}.Debug|Any CPU.Build.0 = Debug|Any CPU
		{77890B60-42E4-49B4-94E4-D27D82EB3CD1}.Release|Any CPU.ActiveCfg = Release|Any CPU
		{77890B60-42E4-49B4-94E4-D27D82EB3CD1}.Release|Any CPU.Build.0 = Release|Any CPU
		{308F0466-878B-4D05-B655-3EBC22BE1F74}.Debug|Any CPU.ActiveCfg = Debug|Any CPU
		{308F0466-878B-4D05-B655-3EBC22BE1F74}.Debug|Any CPU.Build.0 = Debug|Any CPU
		{308F0466-878B-4D05-B655-3EBC22BE1F74}.Release|Any CPU.ActiveCfg = Release|Any CPU
		{308F0466-878B-4D05-B655-3EBC22BE1F74}.Release|Any CPU.Build.0 = Release|Any CPU
		{2A66AE05-D8B6-4B07-8CC3-F6615349D751}.Debug|Any CPU.ActiveCfg = Debug|Any CPU
		{2A66AE05-D8B6-4B07-8CC3-F6615349D751}.Debug|Any CPU.Build.0 = Debug|Any CPU
		{2A66AE05-D8B6-4B07-8CC3-F6615349D751}.Release|Any CPU.ActiveCfg = Release|Any CPU
		{2A66AE05-D8B6-4B07-8CC3-F6615349D751}.Release|Any CPU.Build.0 = Release|Any CPU
		{905C018E-FFA9-4167-BC71-C2B32F0E27C6}.Debug|Any CPU.ActiveCfg = Debug|Any CPU
		{905C018E-FFA9-4167-BC71-C2B32F0E27C6}.Debug|Any CPU.Build.0 = Debug|Any CPU
		{905C018E-FFA9-4167-BC71-C2B32F0E27C6}.Release|Any CPU.ActiveCfg = Release|Any CPU
		{905C018E-FFA9-4167-BC71-C2B32F0E27C6}.Release|Any CPU.Build.0 = Release|Any CPU
		{904ECBB2-D7AF-4893-BF55-761C0F9DCEAB}.Debug|Any CPU.ActiveCfg = Debug|Any CPU
		{904ECBB2-D7AF-4893-BF55-761C0F9DCEAB}.Debug|Any CPU.Build.0 = Debug|Any CPU
		{904ECBB2-D7AF-4893-BF55-761C0F9DCEAB}.Release|Any CPU.ActiveCfg = Release|Any CPU
		{904ECBB2-D7AF-4893-BF55-761C0F9DCEAB}.Release|Any CPU.Build.0 = Release|Any CPU
		{394AC595-BCAF-4D13-B2EC-F57BBA0E3B9B}.Debug|Any CPU.ActiveCfg = Debug|Any CPU
		{394AC595-BCAF-4D13-B2EC-F57BBA0E3B9B}.Debug|Any CPU.Build.0 = Debug|Any CPU
		{394AC595-BCAF-4D13-B2EC-F57BBA0E3B9B}.Release|Any CPU.ActiveCfg = Release|Any CPU
		{394AC595-BCAF-4D13-B2EC-F57BBA0E3B9B}.Release|Any CPU.Build.0 = Release|Any CPU
	EndGlobalSection
	GlobalSection(SolutionProperties) = preSolution
		HideSolutionNode = FALSE
	EndGlobalSection
	GlobalSection(NestedProjects) = preSolution
		{BD7C6628-EA56-4CF5-A721-DC98B1A64B53} = {10C83ECA-5E69-4353-829B-B0C537C7DDEF}
		{9A57E8D9-6918-47FF-88C2-EDC471B5AF3B} = {10C83ECA-5E69-4353-829B-B0C537C7DDEF}
		{21E7094E-A071-477F-AAC3-59C87F990A42} = {10C83ECA-5E69-4353-829B-B0C537C7DDEF}
		{5A1D44D0-E322-4A82-87F2-6945C21A1DA6} = {8020BE23-E528-4B40-AA99-ED95317C990F}
		{446D6E30-FF80-4AA3-824F-AF36B58907ED} = {8020BE23-E528-4B40-AA99-ED95317C990F}
		{5039560E-90FD-4231-8EA2-F121B0FD3CE7} = {8020BE23-E528-4B40-AA99-ED95317C990F}
		{37808210-4A7A-4355-8A46-0C296AD0FA8E} = {9F578524-7853-4EEF-9057-D5D923A76528}
		{3B40591B-1C22-4CFC-88BC-5BD3190150B1} = {9F578524-7853-4EEF-9057-D5D923A76528}
		{93B49135-381C-438A-AF49-EBA93831E1DC} = {9F578524-7853-4EEF-9057-D5D923A76528}
		{6057ADBC-CBF0-42E3-94BC-593F424A3FAB} = {0EFC6426-C206-4240-AB59-DE45227CB00C}
		{63AD9F5C-1B7B-4AF3-AB4D-0EB01D51D99A} = {0EFC6426-C206-4240-AB59-DE45227CB00C}
		{843E487A-6E2F-48BD-A0DB-BA0CE7781032} = {0EFC6426-C206-4240-AB59-DE45227CB00C}
		{77890B60-42E4-49B4-94E4-D27D82EB3CD1} = {3DEAD977-6A72-4937-8CDF-DD2099064180}
		{308F0466-878B-4D05-B655-3EBC22BE1F74} = {3DEAD977-6A72-4937-8CDF-DD2099064180}
		{2A66AE05-D8B6-4B07-8CC3-F6615349D751} = {3DEAD977-6A72-4937-8CDF-DD2099064180}
		{905C018E-FFA9-4167-BC71-C2B32F0E27C6} = {57D07C57-E63B-421C-9A02-F3144E69E335}
		{904ECBB2-D7AF-4893-BF55-761C0F9DCEAB} = {57D07C57-E63B-421C-9A02-F3144E69E335}
		{394AC595-BCAF-4D13-B2EC-F57BBA0E3B9B} = {57D07C57-E63B-421C-9A02-F3144E69E335}
	EndGlobalSection
	GlobalSection(ExtensibilityGlobals) = postSolution
		SolutionGuid = {13897EE2-47E1-46C1-9923-C69344DA747A}
	EndGlobalSection
EndGlobal
